// !$*UTF8*$!
{
	archiveVersion = 1;
	classes = {
	};
	objectVersion = 56;
	objects = {

/* Begin PBXBuildFile section */
		79007BF02B894C98005D9E26 /* MarkdownLabel.swift in Sources */ = {isa = PBXBuildFile; fileRef = 79007BEF2B894C98005D9E26 /* MarkdownLabel.swift */; };
		79007BF22B894CC1005D9E26 /* Trait.swift in Sources */ = {isa = PBXBuildFile; fileRef = 79007BF12B894CC1005D9E26 /* Trait.swift */; };
		79007BF42B894CDA005D9E26 /* Attribute.swift in Sources */ = {isa = PBXBuildFile; fileRef = 79007BF32B894CDA005D9E26 /* Attribute.swift */; };
		79007BF72B894D1F005D9E26 /* MonsterHeader.swift in Sources */ = {isa = PBXBuildFile; fileRef = 79007BF62B894D1F005D9E26 /* MonsterHeader.swift */; };
		79007BF92B894D87005D9E26 /* MonsterCombatAndAttributes.swift in Sources */ = {isa = PBXBuildFile; fileRef = 79007BF82B894D87005D9E26 /* MonsterCombatAndAttributes.swift */; };
		79007BFB2B894DC3005D9E26 /* MonsterTraitsAndActions.swift in Sources */ = {isa = PBXBuildFile; fileRef = 79007BFA2B894DC3005D9E26 /* MonsterTraitsAndActions.swift */; };
		79007BFD2B894E1B005D9E26 /* MonsterNotes.swift in Sources */ = {isa = PBXBuildFile; fileRef = 79007BFC2B894E1B005D9E26 /* MonsterNotes.swift */; };
		79007BFF2B89599D005D9E26 /* CoreDataJSONImporter.swift in Sources */ = {isa = PBXBuildFile; fileRef = 79007BFE2B89599D005D9E26 /* CoreDataJSONImporter.swift */; };
		790CACD02B88E5D200C5B0A4 /* MonsterListHeader.swift in Sources */ = {isa = PBXBuildFile; fileRef = 790CACCF2B88E5D200C5B0A4 /* MonsterListHeader.swift */; };
		790CACD22B88E68600C5B0A4 /* MonsterListItemView.swift in Sources */ = {isa = PBXBuildFile; fileRef = 790CACD12B88E68600C5B0A4 /* MonsterListItemView.swift */; };
		791FF2C72B4880AC006073D4 /* DungeonDwellersApp.swift in Sources */ = {isa = PBXBuildFile; fileRef = 791FF2C62B4880AC006073D4 /* DungeonDwellersApp.swift */; };
		791FF2CB2B4880AD006073D4 /* Assets.xcassets in Resources */ = {isa = PBXBuildFile; fileRef = 791FF2CA2B4880AD006073D4 /* Assets.xcassets */; };
		791FF2CF2B4880AD006073D4 /* Preview Assets.xcassets in Resources */ = {isa = PBXBuildFile; fileRef = 791FF2CE2B4880AD006073D4 /* Preview Assets.xcassets */; };
		791FF2DE2B4880BA006073D4 /* MonsterListViewModel.swift in Sources */ = {isa = PBXBuildFile; fileRef = 791FF2D72B4880BA006073D4 /* MonsterListViewModel.swift */; };
		791FF2DF2B4880BA006073D4 /* MonsterAdapter.swift in Sources */ = {isa = PBXBuildFile; fileRef = 791FF2D92B4880BA006073D4 /* MonsterAdapter.swift */; };
		791FF2E12B4880BA006073D4 /* MonsterListView.swift in Sources */ = {isa = PBXBuildFile; fileRef = 791FF2DC2B4880BA006073D4 /* MonsterListView.swift */; };
		791FF2E22B4880BA006073D4 /* MonsterDetailView.swift in Sources */ = {isa = PBXBuildFile; fileRef = 791FF2DD2B4880BA006073D4 /* MonsterDetailView.swift */; };
		7954AB9F2B96483300CEAD6A /* MonsterSplitListView.swift in Sources */ = {isa = PBXBuildFile; fileRef = 7954AB9E2B96483300CEAD6A /* MonsterSplitListView.swift */; };
		7967294A2B4D5FE700D1319A /* srd_5e_monsters.json in Resources */ = {isa = PBXBuildFile; fileRef = 796729492B4D5FE700D1319A /* srd_5e_monsters.json */; };
		7967294C2B4D60F200D1319A /* README.md in Resources */ = {isa = PBXBuildFile; fileRef = 7967294B2B4D60F100D1319A /* README.md */; };
		796729542B4D65FB00D1319A /* Dungeon_DwellersTests.swift in Sources */ = {isa = PBXBuildFile; fileRef = 796729532B4D65FB00D1319A /* Dungeon_DwellersTests.swift */; };
		79BBC7512B88FCC70084A4EF /* Monster.xcdatamodeld in Sources */ = {isa = PBXBuildFile; fileRef = 79BBC74F2B88FCC70084A4EF /* Monster.xcdatamodeld */; };
		79BBC7532B88FE960084A4EF /* PersistenceController.swift in Sources */ = {isa = PBXBuildFile; fileRef = 79BBC7522B88FE960084A4EF /* PersistenceController.swift */; };
		79BBC7552B8908230084A4EF /* MonsterViewModel.swift in Sources */ = {isa = PBXBuildFile; fileRef = 79BBC7542B8908230084A4EF /* MonsterViewModel.swift */; };
/* End PBXBuildFile section */

/* Begin PBXContainerItemProxy section */
		796729552B4D65FB00D1319A /* PBXContainerItemProxy */ = {
			isa = PBXContainerItemProxy;
			containerPortal = 791FF2BB2B4880AC006073D4 /* Project object */;
			proxyType = 1;
			remoteGlobalIDString = 791FF2C22B4880AC006073D4;
			remoteInfo = "Dungeon Dwellers";
		};
/* End PBXContainerItemProxy section */

/* Begin PBXFileReference section */
		79007BEF2B894C98005D9E26 /* MarkdownLabel.swift */ = {isa = PBXFileReference; lastKnownFileType = sourcecode.swift; path = MarkdownLabel.swift; sourceTree = "<group>"; };
		79007BF12B894CC1005D9E26 /* Trait.swift */ = {isa = PBXFileReference; lastKnownFileType = sourcecode.swift; path = Trait.swift; sourceTree = "<group>"; };
		79007BF32B894CDA005D9E26 /* Attribute.swift */ = {isa = PBXFileReference; lastKnownFileType = sourcecode.swift; path = Attribute.swift; sourceTree = "<group>"; };
		79007BF62B894D1F005D9E26 /* MonsterHeader.swift */ = {isa = PBXFileReference; lastKnownFileType = sourcecode.swift; path = MonsterHeader.swift; sourceTree = "<group>"; };
		79007BF82B894D87005D9E26 /* MonsterCombatAndAttributes.swift */ = {isa = PBXFileReference; lastKnownFileType = sourcecode.swift; path = MonsterCombatAndAttributes.swift; sourceTree = "<group>"; };
		79007BFA2B894DC3005D9E26 /* MonsterTraitsAndActions.swift */ = {isa = PBXFileReference; lastKnownFileType = sourcecode.swift; path = MonsterTraitsAndActions.swift; sourceTree = "<group>"; };
		79007BFC2B894E1B005D9E26 /* MonsterNotes.swift */ = {isa = PBXFileReference; lastKnownFileType = sourcecode.swift; name = MonsterNotes.swift; path = "Dungeon Dwellers/Monster Manual/Views/Monster Detail/Subviews/MonsterNotes.swift"; sourceTree = SOURCE_ROOT; };
		79007BFE2B89599D005D9E26 /* CoreDataJSONImporter.swift */ = {isa = PBXFileReference; lastKnownFileType = sourcecode.swift; path = CoreDataJSONImporter.swift; sourceTree = "<group>"; };
		790CACCF2B88E5D200C5B0A4 /* MonsterListHeader.swift */ = {isa = PBXFileReference; lastKnownFileType = sourcecode.swift; path = MonsterListHeader.swift; sourceTree = "<group>"; };
		790CACD12B88E68600C5B0A4 /* MonsterListItemView.swift */ = {isa = PBXFileReference; lastKnownFileType = sourcecode.swift; path = MonsterListItemView.swift; sourceTree = "<group>"; };
		791FF2C32B4880AC006073D4 /* Dungeon Dwellers.app */ = {isa = PBXFileReference; explicitFileType = wrapper.application; includeInIndex = 0; path = "Dungeon Dwellers.app"; sourceTree = BUILT_PRODUCTS_DIR; };
		791FF2C62B4880AC006073D4 /* DungeonDwellersApp.swift */ = {isa = PBXFileReference; lastKnownFileType = sourcecode.swift; path = DungeonDwellersApp.swift; sourceTree = "<group>"; };
		791FF2CA2B4880AD006073D4 /* Assets.xcassets */ = {isa = PBXFileReference; lastKnownFileType = folder.assetcatalog; path = Assets.xcassets; sourceTree = "<group>"; };
		791FF2CC2B4880AD006073D4 /* Dungeon_Dwellers.entitlements */ = {isa = PBXFileReference; lastKnownFileType = text.plist.entitlements; path = Dungeon_Dwellers.entitlements; sourceTree = "<group>"; };
		791FF2CE2B4880AD006073D4 /* Preview Assets.xcassets */ = {isa = PBXFileReference; lastKnownFileType = folder.assetcatalog; path = "Preview Assets.xcassets"; sourceTree = "<group>"; };
		791FF2D72B4880BA006073D4 /* MonsterListViewModel.swift */ = {isa = PBXFileReference; fileEncoding = 4; lastKnownFileType = sourcecode.swift; path = MonsterListViewModel.swift; sourceTree = "<group>"; };
		791FF2D92B4880BA006073D4 /* MonsterAdapter.swift */ = {isa = PBXFileReference; fileEncoding = 4; lastKnownFileType = sourcecode.swift; path = MonsterAdapter.swift; sourceTree = "<group>"; };
		791FF2DC2B4880BA006073D4 /* MonsterListView.swift */ = {isa = PBXFileReference; fileEncoding = 4; lastKnownFileType = sourcecode.swift; path = MonsterListView.swift; sourceTree = "<group>"; };
		791FF2DD2B4880BA006073D4 /* MonsterDetailView.swift */ = {isa = PBXFileReference; fileEncoding = 4; lastKnownFileType = sourcecode.swift; path = MonsterDetailView.swift; sourceTree = "<group>"; };
		7954AB9E2B96483300CEAD6A /* MonsterSplitListView.swift */ = {isa = PBXFileReference; lastKnownFileType = sourcecode.swift; path = MonsterSplitListView.swift; sourceTree = "<group>"; };
		796729492B4D5FE700D1319A /* srd_5e_monsters.json */ = {isa = PBXFileReference; fileEncoding = 4; lastKnownFileType = text.json; path = srd_5e_monsters.json; sourceTree = "<group>"; };
		7967294B2B4D60F100D1319A /* README.md */ = {isa = PBXFileReference; fileEncoding = 4; lastKnownFileType = net.daringfireball.markdown; path = README.md; sourceTree = "<group>"; };
		796729512B4D65FB00D1319A /* Dungeon DwellersTests.xctest */ = {isa = PBXFileReference; explicitFileType = wrapper.cfbundle; includeInIndex = 0; path = "Dungeon DwellersTests.xctest"; sourceTree = BUILT_PRODUCTS_DIR; };
		796729532B4D65FB00D1319A /* Dungeon_DwellersTests.swift */ = {isa = PBXFileReference; lastKnownFileType = sourcecode.swift; path = Dungeon_DwellersTests.swift; sourceTree = "<group>"; };
		79BBC7502B88FCC70084A4EF /* Monster.xcdatamodel */ = {isa = PBXFileReference; lastKnownFileType = wrapper.xcdatamodel; path = Monster.xcdatamodel; sourceTree = "<group>"; };
		79BBC7522B88FE960084A4EF /* PersistenceController.swift */ = {isa = PBXFileReference; fileEncoding = 4; lastKnownFileType = sourcecode.swift; path = PersistenceController.swift; sourceTree = "<group>"; };
		79BBC7542B8908230084A4EF /* MonsterViewModel.swift */ = {isa = PBXFileReference; lastKnownFileType = sourcecode.swift; path = MonsterViewModel.swift; sourceTree = "<group>"; };
/* End PBXFileReference section */

/* Begin PBXFrameworksBuildPhase section */
		791FF2C02B4880AC006073D4 /* Frameworks */ = {
			isa = PBXFrameworksBuildPhase;
			buildActionMask = 2147483647;
			files = (
			);
			runOnlyForDeploymentPostprocessing = 0;
		};
		7967294E2B4D65FB00D1319A /* Frameworks */ = {
			isa = PBXFrameworksBuildPhase;
			buildActionMask = 2147483647;
			files = (
			);
			runOnlyForDeploymentPostprocessing = 0;
		};
/* End PBXFrameworksBuildPhase section */

/* Begin PBXGroup section */
		79007BEC2B894C6B005D9E26 /* Monster List */ = {
			isa = PBXGroup;
			children = (
				791FF2DC2B4880BA006073D4 /* MonsterListView.swift */,
				7954AB9E2B96483300CEAD6A /* MonsterSplitListView.swift */,
				79007BED2B894C74005D9E26 /* Subviews */,
			);
			path = "Monster List";
			sourceTree = "<group>";
		};
		79007BED2B894C74005D9E26 /* Subviews */ = {
			isa = PBXGroup;
			children = (
				790CACCF2B88E5D200C5B0A4 /* MonsterListHeader.swift */,
				790CACD12B88E68600C5B0A4 /* MonsterListItemView.swift */,
			);
			path = Subviews;
			sourceTree = "<group>";
		};
		79007BEE2B894C7E005D9E26 /* Monster Detail */ = {
			isa = PBXGroup;
			children = (
				791FF2DD2B4880BA006073D4 /* MonsterDetailView.swift */,
				79007BF52B894CE7005D9E26 /* Subviews */,
			);
			path = "Monster Detail";
			sourceTree = "<group>";
		};
		79007BF52B894CE7005D9E26 /* Subviews */ = {
			isa = PBXGroup;
			children = (
				79007BFC2B894E1B005D9E26 /* MonsterNotes.swift */,
				79007BF12B894CC1005D9E26 /* Trait.swift */,
				79007BF82B894D87005D9E26 /* MonsterCombatAndAttributes.swift */,
				79007BFA2B894DC3005D9E26 /* MonsterTraitsAndActions.swift */,
				79007BEF2B894C98005D9E26 /* MarkdownLabel.swift */,
				79007BF32B894CDA005D9E26 /* Attribute.swift */,
				79007BF62B894D1F005D9E26 /* MonsterHeader.swift */,
			);
			path = Subviews;
			sourceTree = "<group>";
		};
		791FF2BA2B4880AC006073D4 = {
			isa = PBXGroup;
			children = (
				7967294B2B4D60F100D1319A /* README.md */,
				791FF2C52B4880AC006073D4 /* Dungeon Dwellers */,
				796729522B4D65FB00D1319A /* Dungeon DwellersTests */,
				791FF2C42B4880AC006073D4 /* Products */,
			);
			sourceTree = "<group>";
		};
		791FF2C42B4880AC006073D4 /* Products */ = {
			isa = PBXGroup;
			children = (
				791FF2C32B4880AC006073D4 /* Dungeon Dwellers.app */,
				796729512B4D65FB00D1319A /* Dungeon DwellersTests.xctest */,
			);
			name = Products;
			sourceTree = "<group>";
		};
		791FF2C52B4880AC006073D4 /* Dungeon Dwellers */ = {
			isa = PBXGroup;
			children = (
				791FF2C62B4880AC006073D4 /* DungeonDwellersApp.swift */,
				791FF2D52B4880BA006073D4 /* Monster Manual */,
				791FF2CA2B4880AD006073D4 /* Assets.xcassets */,
				791FF2CC2B4880AD006073D4 /* Dungeon_Dwellers.entitlements */,
				791FF2CD2B4880AD006073D4 /* Preview Content */,
			);
			path = "Dungeon Dwellers";
			sourceTree = "<group>";
		};
		791FF2CD2B4880AD006073D4 /* Preview Content */ = {
			isa = PBXGroup;
			children = (
				791FF2CE2B4880AD006073D4 /* Preview Assets.xcassets */,
			);
			path = "Preview Content";
			sourceTree = "<group>";
		};
		791FF2D52B4880BA006073D4 /* Monster Manual */ = {
			isa = PBXGroup;
			children = (
				791FF2D62B4880BA006073D4 /* ViewModel */,
				791FF2D82B4880BA006073D4 /* Model */,
				791FF2DB2B4880BA006073D4 /* Views */,
			);
			path = "Monster Manual";
			sourceTree = "<group>";
		};
		791FF2D62B4880BA006073D4 /* ViewModel */ = {
			isa = PBXGroup;
			children = (
				791FF2D72B4880BA006073D4 /* MonsterListViewModel.swift */,
				79BBC7542B8908230084A4EF /* MonsterViewModel.swift */,
			);
			path = ViewModel;
			sourceTree = "<group>";
		};
		791FF2D82B4880BA006073D4 /* Model */ = {
			isa = PBXGroup;
			children = (
				791FF2D92B4880BA006073D4 /* MonsterAdapter.swift */,
				79BBC74F2B88FCC70084A4EF /* Monster.xcdatamodeld */,
				79BBC7522B88FE960084A4EF /* PersistenceController.swift */,
				796729492B4D5FE700D1319A /* srd_5e_monsters.json */,
				79007BFE2B89599D005D9E26 /* CoreDataJSONImporter.swift */,
			);
			path = Model;
			sourceTree = "<group>";
		};
		791FF2DB2B4880BA006073D4 /* Views */ = {
			isa = PBXGroup;
			children = (
				79007BEC2B894C6B005D9E26 /* Monster List */,
				79007BEE2B894C7E005D9E26 /* Monster Detail */,
			);
			path = Views;
			sourceTree = "<group>";
		};
		796729522B4D65FB00D1319A /* Dungeon DwellersTests */ = {
			isa = PBXGroup;
			children = (
				796729532B4D65FB00D1319A /* Dungeon_DwellersTests.swift */,
			);
			path = "Dungeon DwellersTests";
			sourceTree = "<group>";
		};
/* End PBXGroup section */

/* Begin PBXNativeTarget section */
		791FF2C22B4880AC006073D4 /* Dungeon Dwellers */ = {
			isa = PBXNativeTarget;
			buildConfigurationList = 791FF2D22B4880AD006073D4 /* Build configuration list for PBXNativeTarget "Dungeon Dwellers" */;
			buildPhases = (
				791FF2BF2B4880AC006073D4 /* Sources */,
				791FF2C02B4880AC006073D4 /* Frameworks */,
				791FF2C12B4880AC006073D4 /* Resources */,
			);
			buildRules = (
			);
			dependencies = (
				79F85A5D2B8CF0D3003DE5C3 /* PBXTargetDependency */,
			);
			name = "Dungeon Dwellers";
			productName = "Dungeon Dwellers";
			productReference = 791FF2C32B4880AC006073D4 /* Dungeon Dwellers.app */;
			productType = "com.apple.product-type.application";
		};
		796729502B4D65FB00D1319A /* Dungeon DwellersTests */ = {
			isa = PBXNativeTarget;
			buildConfigurationList = 796729572B4D65FB00D1319A /* Build configuration list for PBXNativeTarget "Dungeon DwellersTests" */;
			buildPhases = (
				7967294D2B4D65FB00D1319A /* Sources */,
				7967294E2B4D65FB00D1319A /* Frameworks */,
				7967294F2B4D65FB00D1319A /* Resources */,
			);
			buildRules = (
			);
			dependencies = (
				796729562B4D65FB00D1319A /* PBXTargetDependency */,
			);
			name = "Dungeon DwellersTests";
			productName = "Dungeon DwellersTests";
			productReference = 796729512B4D65FB00D1319A /* Dungeon DwellersTests.xctest */;
			productType = "com.apple.product-type.bundle.unit-test";
		};
/* End PBXNativeTarget section */

/* Begin PBXProject section */
		791FF2BB2B4880AC006073D4 /* Project object */ = {
			isa = PBXProject;
			attributes = {
				BuildIndependentTargetsInParallel = 1;
				LastSwiftUpdateCheck = 1510;
				LastUpgradeCheck = 1520;
				TargetAttributes = {
					791FF2C22B4880AC006073D4 = {
						CreatedOnToolsVersion = 15.1;
					};
					796729502B4D65FB00D1319A = {
						CreatedOnToolsVersion = 15.1;
						TestTargetID = 791FF2C22B4880AC006073D4;
					};
				};
			};
			buildConfigurationList = 791FF2BE2B4880AC006073D4 /* Build configuration list for PBXProject "Dungeon Dwellers" */;
			compatibilityVersion = "Xcode 14.0";
			developmentRegion = en;
			hasScannedForEncodings = 0;
			knownRegions = (
				en,
				Base,
			);
			mainGroup = 791FF2BA2B4880AC006073D4;
			packageReferences = (
				7967295A2B4D6B6400D1319A /* XCRemoteSwiftPackageReference "SwiftLint" */,
			);
			productRefGroup = 791FF2C42B4880AC006073D4 /* Products */;
			projectDirPath = "";
			projectRoot = "";
			targets = (
				791FF2C22B4880AC006073D4 /* Dungeon Dwellers */,
				796729502B4D65FB00D1319A /* Dungeon DwellersTests */,
			);
		};
/* End PBXProject section */

/* Begin PBXResourcesBuildPhase section */
		791FF2C12B4880AC006073D4 /* Resources */ = {
			isa = PBXResourcesBuildPhase;
			buildActionMask = 2147483647;
			files = (
				791FF2CF2B4880AD006073D4 /* Preview Assets.xcassets in Resources */,
				791FF2CB2B4880AD006073D4 /* Assets.xcassets in Resources */,
				7967294C2B4D60F200D1319A /* README.md in Resources */,
				7967294A2B4D5FE700D1319A /* srd_5e_monsters.json in Resources */,
			);
			runOnlyForDeploymentPostprocessing = 0;
		};
		7967294F2B4D65FB00D1319A /* Resources */ = {
			isa = PBXResourcesBuildPhase;
			buildActionMask = 2147483647;
			files = (
			);
			runOnlyForDeploymentPostprocessing = 0;
		};
/* End PBXResourcesBuildPhase section */

/* Begin PBXSourcesBuildPhase section */
		791FF2BF2B4880AC006073D4 /* Sources */ = {
			isa = PBXSourcesBuildPhase;
			buildActionMask = 2147483647;
			files = (
				79007BF72B894D1F005D9E26 /* MonsterHeader.swift in Sources */,
				79007BF42B894CDA005D9E26 /* Attribute.swift in Sources */,
				79BBC7512B88FCC70084A4EF /* Monster.xcdatamodeld in Sources */,
				791FF2C72B4880AC006073D4 /* DungeonDwellersApp.swift in Sources */,
				791FF2DF2B4880BA006073D4 /* MonsterAdapter.swift in Sources */,
				79007BFB2B894DC3005D9E26 /* MonsterTraitsAndActions.swift in Sources */,
				79007BFF2B89599D005D9E26 /* CoreDataJSONImporter.swift in Sources */,
				790CACD22B88E68600C5B0A4 /* MonsterListItemView.swift in Sources */,
				79007BF22B894CC1005D9E26 /* Trait.swift in Sources */,
				79BBC7532B88FE960084A4EF /* PersistenceController.swift in Sources */,
				7954AB9F2B96483300CEAD6A /* MonsterSplitListView.swift in Sources */,
				79007BF02B894C98005D9E26 /* MarkdownLabel.swift in Sources */,
				791FF2DE2B4880BA006073D4 /* MonsterListViewModel.swift in Sources */,
				790CACD02B88E5D200C5B0A4 /* MonsterListHeader.swift in Sources */,
				79BBC7552B8908230084A4EF /* MonsterViewModel.swift in Sources */,
				791FF2E12B4880BA006073D4 /* MonsterListView.swift in Sources */,
				79007BF92B894D87005D9E26 /* MonsterCombatAndAttributes.swift in Sources */,
				79007BFD2B894E1B005D9E26 /* MonsterNotes.swift in Sources */,
				791FF2E22B4880BA006073D4 /* MonsterDetailView.swift in Sources */,
			);
			runOnlyForDeploymentPostprocessing = 0;
		};
		7967294D2B4D65FB00D1319A /* Sources */ = {
			isa = PBXSourcesBuildPhase;
			buildActionMask = 2147483647;
			files = (
				796729542B4D65FB00D1319A /* Dungeon_DwellersTests.swift in Sources */,
			);
			runOnlyForDeploymentPostprocessing = 0;
		};
/* End PBXSourcesBuildPhase section */

/* Begin PBXTargetDependency section */
		796729562B4D65FB00D1319A /* PBXTargetDependency */ = {
			isa = PBXTargetDependency;
			target = 791FF2C22B4880AC006073D4 /* Dungeon Dwellers */;
			targetProxy = 796729552B4D65FB00D1319A /* PBXContainerItemProxy */;
		};
		79F85A5D2B8CF0D3003DE5C3 /* PBXTargetDependency */ = {
			isa = PBXTargetDependency;
			productRef = 79F85A5C2B8CF0D3003DE5C3 /* SwiftLintPlugin */;
		};
/* End PBXTargetDependency section */

/* Begin XCBuildConfiguration section */
		791FF2D02B4880AD006073D4 /* Debug */ = {
			isa = XCBuildConfiguration;
			buildSettings = {
				ALWAYS_SEARCH_USER_PATHS = NO;
				ASSETCATALOG_COMPILER_GENERATE_SWIFT_ASSET_SYMBOL_EXTENSIONS = YES;
				CLANG_ANALYZER_NONNULL = YES;
				CLANG_ANALYZER_NUMBER_OBJECT_CONVERSION = YES_AGGRESSIVE;
				CLANG_CXX_LANGUAGE_STANDARD = "gnu++20";
				CLANG_ENABLE_MODULES = YES;
				CLANG_ENABLE_OBJC_ARC = YES;
				CLANG_ENABLE_OBJC_WEAK = YES;
				CLANG_WARN_BLOCK_CAPTURE_AUTORELEASING = YES;
				CLANG_WARN_BOOL_CONVERSION = YES;
				CLANG_WARN_COMMA = YES;
				CLANG_WARN_CONSTANT_CONVERSION = YES;
				CLANG_WARN_DEPRECATED_OBJC_IMPLEMENTATIONS = YES;
				CLANG_WARN_DIRECT_OBJC_ISA_USAGE = YES_ERROR;
				CLANG_WARN_DOCUMENTATION_COMMENTS = YES;
				CLANG_WARN_EMPTY_BODY = YES;
				CLANG_WARN_ENUM_CONVERSION = YES;
				CLANG_WARN_INFINITE_RECURSION = YES;
				CLANG_WARN_INT_CONVERSION = YES;
				CLANG_WARN_NON_LITERAL_NULL_CONVERSION = YES;
				CLANG_WARN_OBJC_IMPLICIT_RETAIN_SELF = YES;
				CLANG_WARN_OBJC_LITERAL_CONVERSION = YES;
				CLANG_WARN_OBJC_ROOT_CLASS = YES_ERROR;
				CLANG_WARN_QUOTED_INCLUDE_IN_FRAMEWORK_HEADER = YES;
				CLANG_WARN_RANGE_LOOP_ANALYSIS = YES;
				CLANG_WARN_STRICT_PROTOTYPES = YES;
				CLANG_WARN_SUSPICIOUS_MOVE = YES;
				CLANG_WARN_UNGUARDED_AVAILABILITY = YES_AGGRESSIVE;
				CLANG_WARN_UNREACHABLE_CODE = YES;
				CLANG_WARN__DUPLICATE_METHOD_MATCH = YES;
				COPY_PHASE_STRIP = NO;
				DEAD_CODE_STRIPPING = YES;
				DEBUG_INFORMATION_FORMAT = dwarf;
				ENABLE_STRICT_OBJC_MSGSEND = YES;
				ENABLE_TESTABILITY = YES;
				ENABLE_USER_SCRIPT_SANDBOXING = YES;
				GCC_C_LANGUAGE_STANDARD = gnu17;
				GCC_DYNAMIC_NO_PIC = NO;
				GCC_NO_COMMON_BLOCKS = YES;
				GCC_OPTIMIZATION_LEVEL = 0;
				GCC_PREPROCESSOR_DEFINITIONS = (
					"DEBUG=1",
					"$(inherited)",
				);
				GCC_WARN_64_TO_32_BIT_CONVERSION = YES;
				GCC_WARN_ABOUT_RETURN_TYPE = YES_ERROR;
				GCC_WARN_UNDECLARED_SELECTOR = YES;
				GCC_WARN_UNINITIALIZED_AUTOS = YES_AGGRESSIVE;
				GCC_WARN_UNUSED_FUNCTION = YES;
				GCC_WARN_UNUSED_VARIABLE = YES;
				LOCALIZATION_PREFERS_STRING_CATALOGS = YES;
				MTL_ENABLE_DEBUG_INFO = INCLUDE_SOURCE;
				MTL_FAST_MATH = YES;
				ONLY_ACTIVE_ARCH = YES;
				SWIFT_ACTIVE_COMPILATION_CONDITIONS = "DEBUG $(inherited)";
				SWIFT_OPTIMIZATION_LEVEL = "-Onone";
			};
			name = Debug;
		};
		791FF2D12B4880AD006073D4 /* Release */ = {
			isa = XCBuildConfiguration;
			buildSettings = {
				ALWAYS_SEARCH_USER_PATHS = NO;
				ASSETCATALOG_COMPILER_GENERATE_SWIFT_ASSET_SYMBOL_EXTENSIONS = YES;
				CLANG_ANALYZER_NONNULL = YES;
				CLANG_ANALYZER_NUMBER_OBJECT_CONVERSION = YES_AGGRESSIVE;
				CLANG_CXX_LANGUAGE_STANDARD = "gnu++20";
				CLANG_ENABLE_MODULES = YES;
				CLANG_ENABLE_OBJC_ARC = YES;
				CLANG_ENABLE_OBJC_WEAK = YES;
				CLANG_WARN_BLOCK_CAPTURE_AUTORELEASING = YES;
				CLANG_WARN_BOOL_CONVERSION = YES;
				CLANG_WARN_COMMA = YES;
				CLANG_WARN_CONSTANT_CONVERSION = YES;
				CLANG_WARN_DEPRECATED_OBJC_IMPLEMENTATIONS = YES;
				CLANG_WARN_DIRECT_OBJC_ISA_USAGE = YES_ERROR;
				CLANG_WARN_DOCUMENTATION_COMMENTS = YES;
				CLANG_WARN_EMPTY_BODY = YES;
				CLANG_WARN_ENUM_CONVERSION = YES;
				CLANG_WARN_INFINITE_RECURSION = YES;
				CLANG_WARN_INT_CONVERSION = YES;
				CLANG_WARN_NON_LITERAL_NULL_CONVERSION = YES;
				CLANG_WARN_OBJC_IMPLICIT_RETAIN_SELF = YES;
				CLANG_WARN_OBJC_LITERAL_CONVERSION = YES;
				CLANG_WARN_OBJC_ROOT_CLASS = YES_ERROR;
				CLANG_WARN_QUOTED_INCLUDE_IN_FRAMEWORK_HEADER = YES;
				CLANG_WARN_RANGE_LOOP_ANALYSIS = YES;
				CLANG_WARN_STRICT_PROTOTYPES = YES;
				CLANG_WARN_SUSPICIOUS_MOVE = YES;
				CLANG_WARN_UNGUARDED_AVAILABILITY = YES_AGGRESSIVE;
				CLANG_WARN_UNREACHABLE_CODE = YES;
				CLANG_WARN__DUPLICATE_METHOD_MATCH = YES;
				COPY_PHASE_STRIP = NO;
				DEAD_CODE_STRIPPING = YES;
				DEBUG_INFORMATION_FORMAT = "dwarf-with-dsym";
				ENABLE_NS_ASSERTIONS = NO;
				ENABLE_STRICT_OBJC_MSGSEND = YES;
				ENABLE_USER_SCRIPT_SANDBOXING = YES;
				GCC_C_LANGUAGE_STANDARD = gnu17;
				GCC_NO_COMMON_BLOCKS = YES;
				GCC_WARN_64_TO_32_BIT_CONVERSION = YES;
				GCC_WARN_ABOUT_RETURN_TYPE = YES_ERROR;
				GCC_WARN_UNDECLARED_SELECTOR = YES;
				GCC_WARN_UNINITIALIZED_AUTOS = YES_AGGRESSIVE;
				GCC_WARN_UNUSED_FUNCTION = YES;
				GCC_WARN_UNUSED_VARIABLE = YES;
				LOCALIZATION_PREFERS_STRING_CATALOGS = YES;
				MTL_ENABLE_DEBUG_INFO = NO;
				MTL_FAST_MATH = YES;
				SWIFT_COMPILATION_MODE = wholemodule;
			};
			name = Release;
		};
		791FF2D32B4880AD006073D4 /* Debug */ = {
			isa = XCBuildConfiguration;
			buildSettings = {
				ASSETCATALOG_COMPILER_APPICON_NAME = AppIcon;
				ASSETCATALOG_COMPILER_GLOBAL_ACCENT_COLOR_NAME = AccentColor;
				CODE_SIGN_ENTITLEMENTS = "Dungeon Dwellers/Dungeon_Dwellers.entitlements";
				CODE_SIGN_STYLE = Automatic;
				CURRENT_PROJECT_VERSION = 1;
				DEAD_CODE_STRIPPING = YES;
				DEVELOPMENT_ASSET_PATHS = "\"Dungeon Dwellers/Preview Content\"";
				DEVELOPMENT_TEAM = L2BC5TCSR5;
				ENABLE_HARDENED_RUNTIME = YES;
				ENABLE_PREVIEWS = YES;
				GENERATE_INFOPLIST_FILE = YES;
				INFOPLIST_KEY_CFBundleDisplayName = "Dungeon Dwellers 5e";
				INFOPLIST_KEY_LSApplicationCategoryType = "public.app-category.role-playing-games";
				"INFOPLIST_KEY_UIApplicationSceneManifest_Generation[sdk=iphoneos*]" = YES;
				"INFOPLIST_KEY_UIApplicationSceneManifest_Generation[sdk=iphonesimulator*]" = YES;
				"INFOPLIST_KEY_UIApplicationSupportsIndirectInputEvents[sdk=iphoneos*]" = YES;
				"INFOPLIST_KEY_UIApplicationSupportsIndirectInputEvents[sdk=iphonesimulator*]" = YES;
				"INFOPLIST_KEY_UILaunchScreen_Generation[sdk=iphoneos*]" = YES;
				"INFOPLIST_KEY_UILaunchScreen_Generation[sdk=iphonesimulator*]" = YES;
				"INFOPLIST_KEY_UIStatusBarStyle[sdk=iphoneos*]" = UIStatusBarStyleDefault;
				"INFOPLIST_KEY_UIStatusBarStyle[sdk=iphonesimulator*]" = UIStatusBarStyleDefault;
				INFOPLIST_KEY_UISupportedInterfaceOrientations_iPad = "UIInterfaceOrientationPortrait UIInterfaceOrientationPortraitUpsideDown UIInterfaceOrientationLandscapeLeft UIInterfaceOrientationLandscapeRight";
				INFOPLIST_KEY_UISupportedInterfaceOrientations_iPhone = "UIInterfaceOrientationPortrait UIInterfaceOrientationLandscapeLeft UIInterfaceOrientationLandscapeRight";
				IPHONEOS_DEPLOYMENT_TARGET = 17.2;
				LD_RUNPATH_SEARCH_PATHS = "@executable_path/Frameworks";
				"LD_RUNPATH_SEARCH_PATHS[sdk=macosx*]" = "@executable_path/../Frameworks";
				MACOSX_DEPLOYMENT_TARGET = 14.2;
				MARKETING_VERSION = 1.0;
				PRODUCT_BUNDLE_IDENTIFIER = "com.tarrask.Dungeon-Dwellers";
				PRODUCT_NAME = "$(TARGET_NAME)";
				SDKROOT = auto;
				SUPPORTED_PLATFORMS = "iphoneos iphonesimulator macosx";
				SWIFT_EMIT_LOC_STRINGS = YES;
				SWIFT_VERSION = 5.0;
				TARGETED_DEVICE_FAMILY = "1,2";
			};
			name = Debug;
		};
		791FF2D42B4880AD006073D4 /* Release */ = {
			isa = XCBuildConfiguration;
			buildSettings = {
				ASSETCATALOG_COMPILER_APPICON_NAME = AppIcon;
				ASSETCATALOG_COMPILER_GLOBAL_ACCENT_COLOR_NAME = AccentColor;
				CODE_SIGN_ENTITLEMENTS = "Dungeon Dwellers/Dungeon_Dwellers.entitlements";
				CODE_SIGN_STYLE = Automatic;
				CURRENT_PROJECT_VERSION = 1;
				DEAD_CODE_STRIPPING = YES;
				DEVELOPMENT_ASSET_PATHS = "\"Dungeon Dwellers/Preview Content\"";
				DEVELOPMENT_TEAM = L2BC5TCSR5;
				ENABLE_HARDENED_RUNTIME = YES;
				ENABLE_PREVIEWS = YES;
				GENERATE_INFOPLIST_FILE = YES;
				INFOPLIST_KEY_CFBundleDisplayName = "Dungeon Dwellers 5e";
				INFOPLIST_KEY_LSApplicationCategoryType = "public.app-category.role-playing-games";
				"INFOPLIST_KEY_UIApplicationSceneManifest_Generation[sdk=iphoneos*]" = YES;
				"INFOPLIST_KEY_UIApplicationSceneManifest_Generation[sdk=iphonesimulator*]" = YES;
				"INFOPLIST_KEY_UIApplicationSupportsIndirectInputEvents[sdk=iphoneos*]" = YES;
				"INFOPLIST_KEY_UIApplicationSupportsIndirectInputEvents[sdk=iphonesimulator*]" = YES;
				"INFOPLIST_KEY_UILaunchScreen_Generation[sdk=iphoneos*]" = YES;
				"INFOPLIST_KEY_UILaunchScreen_Generation[sdk=iphonesimulator*]" = YES;
				"INFOPLIST_KEY_UIStatusBarStyle[sdk=iphoneos*]" = UIStatusBarStyleDefault;
				"INFOPLIST_KEY_UIStatusBarStyle[sdk=iphonesimulator*]" = UIStatusBarStyleDefault;
				INFOPLIST_KEY_UISupportedInterfaceOrientations_iPad = "UIInterfaceOrientationPortrait UIInterfaceOrientationPortraitUpsideDown UIInterfaceOrientationLandscapeLeft UIInterfaceOrientationLandscapeRight";
				INFOPLIST_KEY_UISupportedInterfaceOrientations_iPhone = "UIInterfaceOrientationPortrait UIInterfaceOrientationLandscapeLeft UIInterfaceOrientationLandscapeRight";
				IPHONEOS_DEPLOYMENT_TARGET = 17.2;
				LD_RUNPATH_SEARCH_PATHS = "@executable_path/Frameworks";
				"LD_RUNPATH_SEARCH_PATHS[sdk=macosx*]" = "@executable_path/../Frameworks";
				MACOSX_DEPLOYMENT_TARGET = 14.2;
				MARKETING_VERSION = 1.0;
				PRODUCT_BUNDLE_IDENTIFIER = "com.tarrask.Dungeon-Dwellers";
				PRODUCT_NAME = "$(TARGET_NAME)";
				SDKROOT = auto;
				SUPPORTED_PLATFORMS = "iphoneos iphonesimulator macosx";
				SWIFT_EMIT_LOC_STRINGS = YES;
				SWIFT_VERSION = 5.0;
				TARGETED_DEVICE_FAMILY = "1,2";
			};
			name = Release;
		};
		796729582B4D65FB00D1319A /* Debug */ = {
			isa = XCBuildConfiguration;
			buildSettings = {
				BUNDLE_LOADER = "$(TEST_HOST)";
				CODE_SIGN_STYLE = Automatic;
				CURRENT_PROJECT_VERSION = 1;
				DEAD_CODE_STRIPPING = YES;
				DEVELOPMENT_TEAM = L2BC5TCSR5;
				GENERATE_INFOPLIST_FILE = YES;
				IPHONEOS_DEPLOYMENT_TARGET = 17.2;
				MACOSX_DEPLOYMENT_TARGET = 14.2;
				MARKETING_VERSION = 1.0;
				PRODUCT_BUNDLE_IDENTIFIER = "com.tarrask.Dungeon-DwellersTests";
				PRODUCT_NAME = "$(TARGET_NAME)";
				SDKROOT = auto;
				SUPPORTED_PLATFORMS = "iphoneos iphonesimulator macosx";
				SWIFT_EMIT_LOC_STRINGS = NO;
				SWIFT_VERSION = 5.0;
				TARGETED_DEVICE_FAMILY = "1,2";
				TEST_HOST = "$(BUILT_PRODUCTS_DIR)/Dungeon Dwellers.app/$(BUNDLE_EXECUTABLE_FOLDER_PATH)/Dungeon Dwellers";
			};
			name = Debug;
		};
		796729592B4D65FB00D1319A /* Release */ = {
			isa = XCBuildConfiguration;
			buildSettings = {
				BUNDLE_LOADER = "$(TEST_HOST)";
				CODE_SIGN_STYLE = Automatic;
				CURRENT_PROJECT_VERSION = 1;
				DEAD_CODE_STRIPPING = YES;
				DEVELOPMENT_TEAM = L2BC5TCSR5;
				GENERATE_INFOPLIST_FILE = YES;
				IPHONEOS_DEPLOYMENT_TARGET = 17.2;
				MACOSX_DEPLOYMENT_TARGET = 14.2;
				MARKETING_VERSION = 1.0;
				PRODUCT_BUNDLE_IDENTIFIER = "com.tarrask.Dungeon-DwellersTests";
				PRODUCT_NAME = "$(TARGET_NAME)";
				SDKROOT = auto;
				SUPPORTED_PLATFORMS = "iphoneos iphonesimulator macosx";
				SWIFT_EMIT_LOC_STRINGS = NO;
				SWIFT_VERSION = 5.0;
				TARGETED_DEVICE_FAMILY = "1,2";
				TEST_HOST = "$(BUILT_PRODUCTS_DIR)/Dungeon Dwellers.app/$(BUNDLE_EXECUTABLE_FOLDER_PATH)/Dungeon Dwellers";
			};
			name = Release;
		};
/* End XCBuildConfiguration section */

/* Begin XCConfigurationList section */
		791FF2BE2B4880AC006073D4 /* Build configuration list for PBXProject "Dungeon Dwellers" */ = {
			isa = XCConfigurationList;
			buildConfigurations = (
				791FF2D02B4880AD006073D4 /* Debug */,
				791FF2D12B4880AD006073D4 /* Release */,
			);
			defaultConfigurationIsVisible = 0;
			defaultConfigurationName = Release;
		};
		791FF2D22B4880AD006073D4 /* Build configuration list for PBXNativeTarget "Dungeon Dwellers" */ = {
			isa = XCConfigurationList;
			buildConfigurations = (
				791FF2D32B4880AD006073D4 /* Debug */,
				791FF2D42B4880AD006073D4 /* Release */,
			);
			defaultConfigurationIsVisible = 0;
			defaultConfigurationName = Release;
		};
		796729572B4D65FB00D1319A /* Build configuration list for PBXNativeTarget "Dungeon DwellersTests" */ = {
			isa = XCConfigurationList;
			buildConfigurations = (
				796729582B4D65FB00D1319A /* Debug */,
				796729592B4D65FB00D1319A /* Release */,
			);
			defaultConfigurationIsVisible = 0;
			defaultConfigurationName = Release;
		};
/* End XCConfigurationList section */

/* Begin XCRemoteSwiftPackageReference section */
		7967295A2B4D6B6400D1319A /* XCRemoteSwiftPackageReference "SwiftLint" */ = {
			isa = XCRemoteSwiftPackageReference;
			repositoryURL = "https://github.com/realm/SwiftLint.git";
			requirement = {
				kind = upToNextMajorVersion;
				minimumVersion = 0.54.0;
			};
		};
/* End XCRemoteSwiftPackageReference section */

/* Begin XCSwiftPackageProductDependency section */
		79F85A5C2B8CF0D3003DE5C3 /* SwiftLintPlugin */ = {
			isa = XCSwiftPackageProductDependency;
			package = 7967295A2B4D6B6400D1319A /* XCRemoteSwiftPackageReference "SwiftLint" */;
			productName = "plugin:SwiftLintPlugin";
		};
/* End XCSwiftPackageProductDependency section */

/* Begin XCVersionGroup section */
		79BBC74F2B88FCC70084A4EF /* Monster.xcdatamodeld */ = {
			isa = XCVersionGroup;
			children = (
				79BBC7502B88FCC70084A4EF /* Monster.xcdatamodel */,
			);
			currentVersion = 79BBC7502B88FCC70084A4EF /* Monster.xcdatamodel */;
			path = Monster.xcdatamodeld;
			sourceTree = "<group>";
			versionGroupType = wrapper.xcdatamodel;
		};
/* End XCVersionGroup section */
	};
	rootObject = 791FF2BB2B4880AC006073D4 /* Project object */;
}
